{
  "name": "portfolio",
  "version": "1.0.0",
  "lockfileVersion": 3,
  "requires": true,
  "packages": {
    "": {
      "name": "portfolio",
      "version": "1.0.0",
      "license": "ISC",
      "dependencies": {
        "@azure/cosmos": "^4.0.0",
        "@npmcli/fs": "^4.0.0",
        "@types/react-dom": "^18.3.0",
        "dotenv": "^16.4.5",
        "next": "^16.1.6",
        "react": "^19.2.4",
        "react-dom": "^19.2.4"
      },
      "devDependencies": {
        "@types/node": "25.2.3",
        "@types/react": "^18.3.8",
        "typescript": "^5.6.2",
        "ws": ">=8.17.1"
      }
    },
    "node_modules/@azure/abort-controller": {
      "version": "1.1.0",
      "resolved": "https://registry.npmjs.org/@azure/abort-controller/-/abort-controller-1.1.0.tgz",
      "integrity": "sha512-TrRLIoSQVzfAJX9H1JeFjzAoDGcoK1IYX1UImfceTZpsyYfWr09Ss1aHW1y5TrrR3iq6RZLBwJ3E24uwPhwahw==",
      "dependencies": {
        "tslib": "^2.2.0"
      },
      "engines": {
        "node": ">=12.0.0"
      }
    },
    "node_modules/@azure/core-auth": {
      "version": "1.6.0",
      "resolved": "https://registry.npmjs.org/@azure/core-auth/-/core-auth-1.6.0.tgz",
      "integrity": "sha512-3X9wzaaGgRaBCwhLQZDtFp5uLIXCPrGbwJNWPPugvL4xbIGgScv77YzzxToKGLAKvG9amDoofMoP+9hsH1vs1w==",
      "dependencies": {
        "@azure/abort-controller": "^2.0.0",
        "@azure/core-util": "^1.1.0",
        "tslib": "^2.2.0"
      },
      "engines": {
        "node": ">=18.0.0"
      }
    },
    "node_modules/@azure/core-auth/node_modules/@azure/abort-controller": {
      "version": "2.0.0",
      "resolved": "https://registry.npmjs.org/@azure/abort-controller/-/abort-controller-2.0.0.tgz",
      "integrity": "sha512-RP/mR/WJchR+g+nQFJGOec+nzeN/VvjlwbinccoqfhTsTHbb8X5+mLDp48kHT0ueyum0BNSwGm0kX0UZuIqTGg==",
      "dependencies": {
        "tslib": "^2.2.0"
      },
      "engines": {
        "node": ">=18.0.0"
      }
    },
    "node_modules/@azure/core-rest-pipeline": {
      "version": "1.14.0",
      "resolved": "https://registry.npmjs.org/@azure/core-rest-pipeline/-/core-rest-pipeline-1.14.0.tgz",
      "integrity": "sha512-Tp4M6NsjCmn9L5p7HsW98eSOS7A0ibl3e5ntZglozT0XuD/0y6i36iW829ZbBq0qihlGgfaeFpkLjZ418KDm1Q==",
      "dependencies": {
        "@azure/abort-controller": "^2.0.0",
        "@azure/core-auth": "^1.4.0",
        "@azure/core-tracing": "^1.0.1",
        "@azure/core-util": "^1.3.0",
        "@azure/logger": "^1.0.0",
        "http-proxy-agent": "^5.0.0",
        "https-proxy-agent": "^5.0.0",
        "tslib": "^2.2.0"
      },
      "engines": {
        "node": ">=18.0.0"
      }
    },
    "node_modules/@azure/core-rest-pipeline/node_modules/@azure/abort-controller": {
      "version": "2.0.0",
      "resolved": "https://registry.npmjs.org/@azure/abort-controller/-/abort-controller-2.0.0.tgz",
      "integrity": "sha512-RP/mR/WJchR+g+nQFJGOec+nzeN/VvjlwbinccoqfhTsTHbb8X5+mLDp48kHT0ueyum0BNSwGm0kX0UZuIqTGg==",
      "dependencies": {
        "tslib": "^2.2.0"
      },
      "engines": {
        "node": ">=18.0.0"
      }
    },
    "node_modules/@azure/core-rest-pipeline/node_modules/@tootallnate/once": {
      "version": "2.0.0",
      "resolved": "https://registry.npmjs.org/@tootallnate/once/-/once-2.0.0.tgz",
      "integrity": "sha512-XCuKFP5PS55gnMVu3dty8KPatLqUoy/ZYzDzAGCQ8JNFCkLXzmI7vNHCR+XpbZaMWQK/vQubr7PkYq8g470J/A==",
      "engines": {
        "node": ">= 10"
      }
    },
    "node_modules/@azure/core-rest-pipeline/node_modules/http-proxy-agent": {
      "version": "5.0.0",
      "resolved": "https://registry.npmjs.org/http-proxy-agent/-/http-proxy-agent-5.0.0.tgz",
      "integrity": "sha512-n2hY8YdoRE1i7r6M0w9DIw5GgZN0G25P8zLCRQ8rjXtTU3vsNFBI/vWK/UIeE6g5MUUz6avwAPXmL6Fy9D/90w==",
      "dependencies": {
        "@tootallnate/once": "2",
        "agent-base": "6",
        "debug": "4"
      },
      "engines": {
        "node": ">= 6"
      }
    },
    "node_modules/@azure/core-tracing": {
      "version": "1.0.1",
      "resolved": "https://registry.npmjs.org/@azure/core-tracing/-/core-tracing-1.0.1.tgz",
      "integrity": "sha512-I5CGMoLtX+pI17ZdiFJZgxMJApsK6jjfm85hpgp3oazCdq5Wxgh4wMr7ge/TTWW1B5WBuvIOI1fMU/FrOAMKrw==",
      "dependencies": {
        "tslib": "^2.2.0"
      },
      "engines": {
        "node": ">=12.0.0"
      }
    },
    "node_modules/@azure/core-util": {
      "version": "1.7.0",
      "resolved": "https://registry.npmjs.org/@azure/core-util/-/core-util-1.7.0.tgz",
      "integrity": "sha512-Zq2i3QO6k9DA8vnm29mYM4G8IE9u1mhF1GUabVEqPNX8Lj833gdxQ2NAFxt2BZsfAL+e9cT8SyVN7dFVJ/Hf0g==",
      "dependencies": {
        "@azure/abort-controller": "^2.0.0",
        "tslib": "^2.2.0"
      },
      "engines": {
        "node": ">=18.0.0"
      }
    },
    "node_modules/@azure/core-util/node_modules/@azure/abort-controller": {
      "version": "2.0.0",
      "resolved": "https://registry.npmjs.org/@azure/abort-controller/-/abort-controller-2.0.0.tgz",
      "integrity": "sha512-RP/mR/WJchR+g+nQFJGOec+nzeN/VvjlwbinccoqfhTsTHbb8X5+mLDp48kHT0ueyum0BNSwGm0kX0UZuIqTGg==",
      "dependencies": {
        "tslib": "^2.2.0"
      },
      "engines": {
        "node": ">=18.0.0"
      }
    },
    "node_modules/@azure/cosmos": {
      "version": "4.0.0",
      "resolved": "https://registry.npmjs.org/@azure/cosmos/-/cosmos-4.0.0.tgz",
      "integrity": "sha512-/Z27p1+FTkmjmm8jk90zi/HrczPHw2t8WecFnsnTe4xGocWl0Z4clP0YlLUTJPhRLWYa5upwD9rMvKJkS1f1kg==",
      "dependencies": {
        "@azure/abort-controller": "^1.0.0",
        "@azure/core-auth": "^1.3.0",
        "@azure/core-rest-pipeline": "^1.2.0",
        "@azure/core-tracing": "^1.0.0",
        "debug": "^4.1.1",
        "fast-json-stable-stringify": "^2.1.0",
        "jsbi": "^3.1.3",
        "node-abort-controller": "^3.0.0",
        "priorityqueuejs": "^1.0.0",
        "semaphore": "^1.0.5",
        "tslib": "^2.2.0",
        "universal-user-agent": "^6.0.0",
        "uuid": "^8.3.0"
      },
      "engines": {
        "node": ">=14.0.0"
      }
    },
    "node_modules/@azure/logger": {
      "version": "1.0.4",
      "resolved": "https://registry.npmjs.org/@azure/logger/-/logger-1.0.4.tgz",
      "integrity": "sha512-ustrPY8MryhloQj7OWGe+HrYx+aoiOxzbXTtgblbV3xwCqpzUK36phH3XNHQKj3EPonyFUuDTfR3qFhTEAuZEg==",
      "dependencies": {
        "tslib": "^2.2.0"
      },
      "engines": {
        "node": ">=14.0.0"
      }
    },
    "node_modules/@img/colour": {
      "version": "1.0.0",
      "resolved": "https://registry.npmjs.org/@img/colour/-/colour-1.0.0.tgz",
      "integrity": "sha512-A5P/LfWGFSl6nsckYtjw9da+19jB8hkJ6ACTGcDfEJ0aE+l2n2El7dsVM7UVHZQ9s2lmYMWlrS21YLy2IR1LUw==",
      "optional": true,
      "engines": {
        "node": ">=18"
      }
    },
    "node_modules/@img/sharp-darwin-x64": {
      "version": "0.34.5",
      "resolved": "https://registry.npmjs.org/@img/sharp-darwin-x64/-/sharp-darwin-x64-0.34.5.tgz",
      "integrity": "sha512-YNEFAF/4KQ/PeW0N+r+aVVsoIY0/qxxikF2SWdp+NRkmMB7y9LBZAVqQ4yhGCm/H3H270OSykqmQMKLBhBJDEw==",
      "cpu": [
        "x64"
      ],
      "optional": true,
      "os": [
        "darwin"
      ],
      "engines": {
        "node": "^18.17.0 || ^20.3.0 || >=21.0.0"
      },
      "funding": {
        "url": "https://opencollective.com/libvips"
      },
      "optionalDependencies": {
        "@img/sharp-libvips-darwin-x64": "1.2.4"
      }
    },
    "node_modules/@img/sharp-libvips-darwin-x64": {
      "version": "1.2.4",
      "resolved": "https://registry.npmjs.org/@img/sharp-libvips-darwin-x64/-/sharp-libvips-darwin-x64-1.2.4.tgz",
      "integrity": "sha512-1IOd5xfVhlGwX+zXv2N93k0yMONvUlANylbJw1eTah8K/Jtpi15KC+WSiaX/nBmbm2HxRM1gZ0nSdjSsrZbGKg==",
      "cpu": [
        "x64"
      ],
      "optional": true,
      "os": [
        "darwin"
      ],
      "funding": {
        "url": "https://opencollective.com/libvips"
      }
    },
    "node_modules/@next/env": {
      "version": "16.1.6",
      "resolved": "https://registry.npmjs.org/@next/env/-/env-16.1.6.tgz",
      "integrity": "sha512-N1ySLuZjnAtN3kFnwhAwPvZah8RJxKasD7x1f8shFqhncnWZn4JMfg37diLNuoHsLAlrDfM3g4mawVdtAG8XLQ=="
    },
    "node_modules/@next/swc-darwin-arm64": {
      "version": "16.1.6",
      "resolved": "https://registry.npmjs.org/@next/swc-darwin-arm64/-/swc-darwin-arm64-16.1.6.tgz",
      "integrity": "sha512-wTzYulosJr/6nFnqGW7FrG3jfUUlEf8UjGA0/pyypJl42ExdVgC6xJgcXQ+V8QFn6niSG2Pb8+MIG1mZr2vczw==",
      "cpu": [
        "arm64"
      ],
      "optional": true,
      "os": [
        "darwin"
      ],
      "engines": {
        "node": ">= 10"
      }
    },
    "node_modules/@next/swc-darwin-x64": {
      "version": "16.1.6",
      "resolved": "https://registry.npmjs.org/@next/swc-darwin-x64/-/swc-darwin-x64-16.1.6.tgz",
      "integrity": "sha512-BLFPYPDO+MNJsiDWbeVzqvYd4NyuRrEYVB5k2N3JfWncuHAy2IVwMAOlVQDFjj+krkWzhY2apvmekMkfQR0CUQ==",
      "cpu": [
        "x64"
      ],
      "optional": true,
      "os": [
        "darwin"
      ],
      "engines": {
        "node": ">= 10"
      }
    },
    "node_modules/@next/swc-linux-arm64-gnu": {
      "version": "16.1.6",
      "resolved": "https://registry.npmjs.org/@next/swc-linux-arm64-gnu/-/swc-linux-arm64-gnu-16.1.6.tgz",
      "integrity": "sha512-OJYkCd5pj/QloBvoEcJ2XiMnlJkRv9idWA/j0ugSuA34gMT6f5b7vOiCQHVRpvStoZUknhl6/UxOXL4OwtdaBw==",
      "cpu": [
        "arm64"
      ],
      "optional": true,
      "os": [
        "linux"
      ],
      "engines": {
        "node": ">= 10"
      }
    },
    "node_modules/@next/swc-linux-arm64-musl": {
      "version": "16.1.6",
      "resolved": "https://registry.npmjs.org/@next/swc-linux-arm64-musl/-/swc-linux-arm64-musl-16.1.6.tgz",
      "integrity": "sha512-S4J2v+8tT3NIO9u2q+S0G5KdvNDjXfAv06OhfOzNDaBn5rw84DGXWndOEB7d5/x852A20sW1M56vhC/tRVbccQ==",
      "cpu": [
        "arm64"
      ],
      "optional": true,
      "os": [
        "linux"
      ],
      "engines": {
        "node": ">= 10"
      }
    },
    "node_modules/@next/swc-linux-x64-gnu": {
      "version": "16.1.6",
      "resolved": "https://registry.npmjs.org/@next/swc-linux-x64-gnu/-/swc-linux-x64-gnu-16.1.6.tgz",
      "integrity": "sha512-2eEBDkFlMMNQnkTyPBhQOAyn2qMxyG2eE7GPH2WIDGEpEILcBPI/jdSv4t6xupSP+ot/jkfrCShLAa7+ZUPcJQ==",
      "cpu": [
        "x64"
      ],
      "optional": true,
      "os": [
        "linux"
      ],
      "engines": {
        "node": ">= 10"
      }
    },
    "node_modules/@next/swc-linux-x64-musl": {
      "version": "16.1.6",
      "resolved": "https://registry.npmjs.org/@next/swc-linux-x64-musl/-/swc-linux-x64-musl-16.1.6.tgz",
      "integrity": "sha512-oicJwRlyOoZXVlxmIMaTq7f8pN9QNbdes0q2FXfRsPhfCi8n8JmOZJm5oo1pwDaFbnnD421rVU409M3evFbIqg==",
      "cpu": [
        "x64"
      ],
      "optional": true,
      "os": [
        "linux"
      ],
      "engines": {
        "node": ">= 10"
      }
    },
    "node_modules/@next/swc-win32-arm64-msvc": {
      "version": "16.1.6",
      "resolved": "https://registry.npmjs.org/@next/swc-win32-arm64-msvc/-/swc-win32-arm64-msvc-16.1.6.tgz",
      "integrity": "sha512-gQmm8izDTPgs+DCWH22kcDmuUp7NyiJgEl18bcr8irXA5N2m2O+JQIr6f3ct42GOs9c0h8QF3L5SzIxcYAAXXw==",
      "cpu": [
        "arm64"
      ],
      "optional": true,
      "os": [
        "win32"
      ],
      "engines": {
        "node": ">= 10"
      }
    },
    "node_modules/@next/swc-win32-x64-msvc": {
      "version": "16.1.6",
      "resolved": "https://registry.npmjs.org/@next/swc-win32-x64-msvc/-/swc-win32-x64-msvc-16.1.6.tgz",
      "integrity": "sha512-NRfO39AIrzBnixKbjuo2YiYhB6o9d8v/ymU9m/Xk8cyVk+k7XylniXkHwjs4s70wedVffc6bQNbufk5v0xEm0A==",
      "cpu": [
        "x64"
      ],
      "optional": true,
      "os": [
        "win32"
      ],
      "engines": {
        "node": ">= 10"
      }
    },
    "node_modules/@npmcli/fs": {
      "version": "4.0.0",
      "resolved": "https://registry.npmjs.org/@npmcli/fs/-/fs-4.0.0.tgz",
      "integrity": "sha512-/xGlezI6xfGO9NwuJlnwz/K14qD1kCSAGtacBHnGzeAIuJGazcp45KP5NuyARXoKb7cwulAGWVsbeSxdG/cb0Q==",
      "dependencies": {
        "semver": "^7.3.5"
      },
      "engines": {
        "node": "^18.17.0 || >=20.5.0"
      }
    },
    "node_modules/@npmcli/fs/node_modules/lru-cache": {
      "version": "6.0.0",
      "resolved": "https://registry.npmjs.org/lru-cache/-/lru-cache-6.0.0.tgz",
      "integrity": "sha512-Jo6dJ04CmSjuznwJSS3pUeWmd/H0ffTlkXXgwZi+eq1UCmqQwCh+eLsYOYCwY991i2Fah4h1BEMCx4qThGbsiA==",
      "dependencies": {
        "yallist": "^4.0.0"
      },
      "engines": {
        "node": ">=10"
      }
    },
    "node_modules/@npmcli/fs/node_modules/semver": {
      "version": "7.6.0",
      "resolved": "https://registry.npmjs.org/semver/-/semver-7.6.0.tgz",
      "integrity": "sha512-EnwXhrlwXMk9gKu5/flx5sv/an57AkRplG3hTK68W7FRDN+k+OWBj65M7719OkA82XLBxrcX0KSHj+X5COhOVg==",
      "dependencies": {
        "lru-cache": "^6.0.0"
      },
      "bin": {
        "semver": "bin/semver.js"
      },
      "engines": {
        "node": ">=10"
      }
    },
    "node_modules/@npmcli/fs/node_modules/yallist": {
      "version": "4.0.0",
      "resolved": "https://registry.npmjs.org/yallist/-/yallist-4.0.0.tgz",
      "integrity": "sha512-3wdGidZyq5PB084XLES5TpOSRA3wjXAlIWMhum2kRcv/41Sn2emQ0dycQW4uZXLejwKvg6EsvbdlVL+FYEct7A=="
    },
    "node_modules/@swc/helpers": {
      "version": "0.5.15",
      "resolved": "https://registry.npmjs.org/@swc/helpers/-/helpers-0.5.15.tgz",
      "integrity": "sha512-JQ5TuMi45Owi4/BIMAJBoSQoOJu12oOk/gADqlcUL9JEdHB8vyjUSsxqeNXnmXHjYKMi2WcYtezGEEhqUI/E2g==",
      "dependencies": {
        "tslib": "^2.8.0"
      }
    },
    "node_modules/@types/node": {
      "version": "25.2.3",
      "resolved": "https://registry.npmjs.org/@types/node/-/node-25.2.3.tgz",
      "integrity": "sha512-m0jEgYlYz+mDJZ2+F4v8D1AyQb+QzsNqRuI7xg1VQX/KlKS0qT9r1Mo16yo5F/MtifXFgaofIFsdFMox2SxIbQ==",
      "dev": true,
      "license": "MIT",
      "dependencies": {
        "undici-types": "~7.16.0"
      }
    },
    "node_modules/@types/prop-types": {
      "version": "15.7.13",
      "resolved": "https://registry.npmjs.org/@types/prop-types/-/prop-types-15.7.13.tgz",
      "integrity": "sha512-hCZTSvwbzWGvhqxp/RqVqwU999pBf2vp7hzIjiYOsl8wqOmUxkQ6ddw1cV3l8811+kdUFus/q4d1Y3E3SyEifA=="
    },
    "node_modules/@types/react": {
      "version": "18.3.8",
      "resolved": "https://registry.npmjs.org/@types/react/-/react-18.3.8.tgz",
      "integrity": "sha512-syBUrW3/XpnW4WJ41Pft+I+aPoDVbrBVQGEnbD7NijDGlVC+8gV/XKRY+7vMDlfPpbwYt0l1vd/Sj8bJGMbs9Q==",
      "dependencies": {
        "@types/prop-types": "*",
        "csstype": "^3.0.2"
      }
    },
    "node_modules/@types/react-dom": {
      "version": "18.3.0",
      "resolved": "https://registry.npmjs.org/@types/react-dom/-/react-dom-18.3.0.tgz",
      "integrity": "sha512-EhwApuTmMBmXuFOikhQLIBUn6uFg81SwLMOAUgodJF14SOBOCMdU04gDoYi0WOJJHD144TL32z4yDqCW3dnkQg==",
      "dependencies": {
        "@types/react": "*"
      }
    },
    "node_modules/agent-base": {
      "version": "6.0.2",
      "resolved": "https://registry.npmjs.org/agent-base/-/agent-base-6.0.2.tgz",
      "integrity": "sha512-RZNwNclF7+MS/8bDg70amg32dyeZGZxiDuQmZxKLAlQjr3jGyLx+4Kkk58UO7D2QdgFIQCovuSuZESne6RG6XQ==",
      "dependencies": {
        "debug": "4"
      },
      "engines": {
        "node": ">= 6.0.0"
      }
    },
    "node_modules/baseline-browser-mapping": {
      "version": "2.9.19",
      "resolved": "https://registry.npmjs.org/baseline-browser-mapping/-/baseline-browser-mapping-2.9.19.tgz",
      "integrity": "sha512-ipDqC8FrAl/76p2SSWKSI+H9tFwm7vYqXQrItCuiVPt26Km0jS+NzSsBWAaBusvSbQcfJG+JitdMm+wZAgTYqg==",
      "bin": {
        "baseline-browser-mapping": "dist/cli.js"
      }
    },
    "node_modules/caniuse-lite": {
      "version": "1.0.30001588",
      "resolved": "https://registry.npmjs.org/caniuse-lite/-/caniuse-lite-1.0.30001588.tgz",
      "integrity": "sha512-+hVY9jE44uKLkH0SrUTqxjxqNTOWHsbnQDIKjwkZ3lNTzUUVdBLBGXtj/q5Mp5u98r3droaZAewQuEDzjQdZlQ==",
      "funding": [
        {
          "type": "opencollective",
          "url": "https://opencollective.com/browserslist"
        },
        {
          "type": "tidelift",
          "url": "https://tidelift.com/funding/github/npm/caniuse-lite"
        },
        {
          "type": "github",
          "url": "https://github.com/sponsors/ai"
        }
      ]
    },
    "node_modules/client-only": {
      "version": "0.0.1",
      "resolved": "https://registry.npmjs.org/client-only/-/client-only-0.0.1.tgz",
      "integrity": "sha512-IV3Ou0jSMzZrd3pZ48nLkT9DA7Ag1pnPzaiQhpW7c3RbcqqzvzzVu+L8gfqMp/8IM2MQtSiqaCxrrcfu8I8rMA=="
    },
    "node_modules/csstype": {
      "version": "3.1.3",
      "resolved": "https://registry.npmjs.org/csstype/-/csstype-3.1.3.tgz",
      "integrity": "sha512-M1uQkMl8rQK/szD0LNhtqxIPLpimGm8sOBwU7lLnCpSbTyY3yeU1Vc7l4KT5zT4s/yOxHH5O7tIuuLOCnLADRw=="
    },
    "node_modules/debug": {
      "version": "4.3.4",
      "resolved": "https://registry.npmjs.org/debug/-/debug-4.3.4.tgz",
      "integrity": "sha512-PRWFHuSU3eDtQJPvnNY7Jcket1j0t5OuOsFzPPzsekD52Zl8qUfFIPEiswXqIvHWGVHOgX+7G/vCNNhehwxfkQ==",
      "dependencies": {
        "ms": "2.1.2"
      },
      "engines": {
        "node": ">=6.0"
      },
      "peerDependenciesMeta": {
        "supports-color": {
          "optional": true
        }
      }
    },
    "node_modules/detect-libc": {
      "version": "2.1.2",
      "resolved": "https://registry.npmjs.org/detect-libc/-/detect-libc-2.1.2.tgz",
      "integrity": "sha512-Btj2BOOO83o3WyH59e8MgXsxEQVcarkUOpEYrubB0urwnN10yQ364rsiByU11nZlqWYZm05i/of7io4mzihBtQ==",
      "optional": true,
      "engines": {
        "node": ">=8"
      }
    },
    "node_modules/dotenv": {
      "version": "16.4.5",
      "resolved": "https://registry.npmjs.org/dotenv/-/dotenv-16.4.5.tgz",
      "integrity": "sha512-ZmdL2rui+eB2YwhsWzjInR8LldtZHGDoQ1ugH85ppHKwpUHL7j7rN0Ti9NCnGiQbhaZ11FpR+7ao1dNsmduNUg==",
      "engines": {
        "node": ">=12"
      },
      "funding": {
        "url": "https://dotenvx.com"
      }
    },
    "node_modules/fast-json-stable-stringify": {
      "version": "2.1.0",
      "resolved": "https://registry.npmjs.org/fast-json-stable-stringify/-/fast-json-stable-stringify-2.1.0.tgz",
      "integrity": "sha512-lhd/wF+Lk98HZoTCtlVraHtfh5XYijIjalXck7saUtuanSDyLMxnHhSXEDJqHxD7msR8D0uCmqlkwjCV8xvwHw=="
    },
    "node_modules/https-proxy-agent": {
      "version": "5.0.1",
      "resolved": "https://registry.npmjs.org/https-proxy-agent/-/https-proxy-agent-5.0.1.tgz",
      "integrity": "sha512-dFcAjpTQFgoLMzC2VwU+C/CbS7uRL0lWmxDITmqm7C+7F0Odmj6s9l6alZc6AELXhrnggM2CeWSXHGOdX2YtwA==",
      "dependencies": {
        "agent-base": "6",
        "debug": "4"
      },
      "engines": {
        "node": ">= 6"
      }
    },
    "node_modules/jsbi": {
      "version": "3.2.5",
      "resolved": "https://registry.npmjs.org/jsbi/-/jsbi-3.2.5.tgz",
      "integrity": "sha512-aBE4n43IPvjaddScbvWRA2YlTzKEynHzu7MqOyTipdHucf/VxS63ViCjxYRg86M8Rxwbt/GfzHl1kKERkt45fQ=="
    },
    "node_modules/ms": {
      "version": "2.1.2",
      "resolved": "https://registry.npmjs.org/ms/-/ms-2.1.2.tgz",
      "integrity": "sha512-sGkPx+VjMtmA6MX27oA4FBFELFCZZ4S4XqeGOXCv68tT+jb3vk/RyaKWP0PTKyWtmLSM0b+adUTEvbs1PEaH2w=="
    },
    "node_modules/nanoid": {
      "version": "3.3.11",
      "resolved": "https://registry.npmjs.org/nanoid/-/nanoid-3.3.11.tgz",
      "integrity": "sha512-N8SpfPUnUp1bK+PMYW8qSWdl9U+wwNWI4QKxOYDy9JAro3WMX7p2OeVRF9v+347pnakNevPmiHhNmZ2HbFA76w==",
      "funding": [
        {
          "type": "github",
          "url": "https://github.com/sponsors/ai"
        }
      ],
      "license": "MIT",
      "bin": {
        "nanoid": "bin/nanoid.cjs"
      },
      "engines": {
        "node": "^10 || ^12 || ^13.7 || ^14 || >=15.0.1"
      }
    },
    "node_modules/next": {
      "version": "16.1.6",
      "resolved": "https://registry.npmjs.org/next/-/next-16.1.6.tgz",
      "integrity": "sha512-hkyRkcu5x/41KoqnROkfTm2pZVbKxvbZRuNvKXLRXxs3VfyO0WhY50TQS40EuKO9SW3rBj/sF3WbVwDACeMZyw==",
      "dependencies": {
        "@next/env": "16.1.6",
        "@swc/helpers": "0.5.15",
        "baseline-browser-mapping": "^2.8.3",
        "caniuse-lite": "^1.0.30001579",
        "postcss": "8.4.31",
        "styled-jsx": "5.1.6"
      },
      "bin": {
        "next": "dist/bin/next"
      },
      "engines": {
        "node": ">=20.9.0"
      },
      "optionalDependencies": {
        "@next/swc-darwin-arm64": "16.1.6",
        "@next/swc-darwin-x64": "16.1.6",
        "@next/swc-linux-arm64-gnu": "16.1.6",
        "@next/swc-linux-arm64-musl": "16.1.6",
        "@next/swc-linux-x64-gnu": "16.1.6",
        "@next/swc-linux-x64-musl": "16.1.6",
        "@next/swc-win32-arm64-msvc": "16.1.6",
        "@next/swc-win32-x64-msvc": "16.1.6",
        "sharp": "^0.34.4"
      },
      "peerDependencies": {
        "@opentelemetry/api": "^1.1.0",
        "@playwright/test": "^1.51.1",
        "babel-plugin-react-compiler": "*",
        "react": "^18.2.0 || 19.0.0-rc-de68d2f4-20241204 || ^19.0.0",
        "react-dom": "^18.2.0 || 19.0.0-rc-de68d2f4-20241204 || ^19.0.0",
        "sass": "^1.3.0"
      },
      "peerDependenciesMeta": {
        "@opentelemetry/api": {
          "optional": true
        },
        "@playwright/test": {
          "optional": true
        },
        "babel-plugin-react-compiler": {
          "optional": true
        },
        "sass": {
          "optional": true
        }
      }
    },
    "node_modules/next/node_modules/postcss": {
      "version": "8.4.31",
      "resolved": "https://registry.npmjs.org/postcss/-/postcss-8.4.31.tgz",
      "integrity": "sha512-PS08Iboia9mts/2ygV3eLpY5ghnUcfLV/EXTOW1E2qYxJKGGBUtNjN76FYHnMs36RmARn41bC0AZmn+rR0OVpQ==",
      "funding": [
        {
          "type": "opencollective",
          "url": "https://opencollective.com/postcss/"
        },
        {
          "type": "tidelift",
          "url": "https://tidelift.com/funding/github/npm/postcss"
        },
        {
          "type": "github",
          "url": "https://github.com/sponsors/ai"
        }
      ],
      "dependencies": {
        "nanoid": "^3.3.6",
        "picocolors": "^1.0.0",
        "source-map-js": "^1.0.2"
      },
      "engines": {
        "node": "^10 || ^12 || >=14"
      }
    },
    "node_modules/node-abort-controller": {
      "version": "3.1.1",
      "resolved": "https://registry.npmjs.org/node-abort-controller/-/node-abort-controller-3.1.1.tgz",
      "integrity": "sha512-AGK2yQKIjRuqnc6VkX2Xj5d+QW8xZ87pa1UK6yA6ouUyuxfHuMP6umE5QK7UmTeOAymo+Zx1Fxiuw9rVx8taHQ=="
    },
    "node_modules/picocolors": {
      "version": "1.0.0",
      "resolved": "https://registry.npmjs.org/picocolors/-/picocolors-1.0.0.tgz",
      "integrity": "sha512-1fygroTLlHu66zi26VoTDv8yRgm0Fccecssto+MhsZ0D/DGW2sm8E8AjW7NU5VVTRt5GxbeZ5qBuJr+HyLYkjQ=="
    },
    "node_modules/priorityqueuejs": {
      "version": "1.0.0",
      "resolved": "https://registry.npmjs.org/priorityqueuejs/-/priorityqueuejs-1.0.0.tgz",
      "integrity": "sha512-lg++21mreCEOuGWTbO5DnJKAdxfjrdN0S9ysoW9SzdSJvbkWpkaDdpG/cdsPCsEnoLUwmd9m3WcZhngW7yKA2g=="
    },
    "node_modules/react": {
      "version": "19.2.4",
      "resolved": "https://registry.npmjs.org/react/-/react-19.2.4.tgz",
      "integrity": "sha512-9nfp2hYpCwOjAN+8TZFGhtWEwgvWHXqESH8qT89AT/lWklpLON22Lc8pEtnpsZz7VmawabSU0gCjnj8aC0euHQ==",
      "engines": {
        "node": ">=0.10.0"
      }
    },
    "node_modules/react-dom": {
      "version": "19.2.4",
      "resolved": "https://registry.npmjs.org/react-dom/-/react-dom-19.2.4.tgz",
      "integrity": "sha512-AXJdLo8kgMbimY95O2aKQqsz2iWi9jMgKJhRBAxECE4IFxfcazB2LmzloIoibJI3C12IlY20+KFaLv+71bUJeQ==",
      "dependencies": {
        "scheduler": "^0.27.0"
      },
      "peerDependencies": {
        "react": "^19.2.4"
      }
    },
    "node_modules/scheduler": {
      "version": "0.27.0",
      "resolved": "https://registry.npmjs.org/scheduler/-/scheduler-0.27.0.tgz",
      "integrity": "sha512-eNv+WrVbKu1f3vbYJT/xtiF5syA5HPIMtf9IgY/nKg0sWqzAUEvqY/xm7OcZc/qafLx/iO9FgOmeSAp4v5ti/Q=="
    },
    "node_modules/semaphore": {
      "version": "1.1.0",
      "resolved": "https://registry.npmjs.org/semaphore/-/semaphore-1.1.0.tgz",
      "integrity": "sha512-O4OZEaNtkMd/K0i6js9SL+gqy0ZCBMgUvlSqHKi4IBdjhe7wB8pwztUk1BbZ1fmrvpwFrPbHzqd2w5pTcJH6LA==",
      "engines": {
        "node": ">=0.8.0"
      }
    },
    "node_modules/sharp": {
      "version": "0.34.5",
      "resolved": "https://registry.npmjs.org/sharp/-/sharp-0.34.5.tgz",
      "integrity": "sha512-Ou9I5Ft9WNcCbXrU9cMgPBcCK8LiwLqcbywW3t4oDV37n1pzpuNLsYiAV8eODnjbtQlSDwZ2cUEeQz4E54Hltg==",
      "hasInstallScript": true,
      "optional": true,
      "dependencies": {
        "@img/colour": "^1.0.0",
        "detect-libc": "^2.1.2",
        "semver": "^7.7.3"
      },
      "engines": {
        "node": "^18.17.0 || ^20.3.0 || >=21.0.0"
      },
      "funding": {
        "url": "https://opencollective.com/libvips"
      },
      "optionalDependencies": {
        "@img/sharp-darwin-arm64": "0.34.5",
        "@img/sharp-darwin-x64": "0.34.5",
        "@img/sharp-libvips-darwin-arm64": "1.2.4",
        "@img/sharp-libvips-darwin-x64": "1.2.4",
        "@img/sharp-libvips-linux-arm": "1.2.4",
        "@img/sharp-libvips-linux-arm64": "1.2.4",
        "@img/sharp-libvips-linux-ppc64": "1.2.4",
        "@img/sharp-libvips-linux-riscv64": "1.2.4",
        "@img/sharp-libvips-linux-s390x": "1.2.4",
        "@img/sharp-libvips-linux-x64": "1.2.4",
        "@img/sharp-libvips-linuxmusl-arm64": "1.2.4",
        "@img/sharp-libvips-linuxmusl-x64": "1.2.4",
        "@img/sharp-linux-arm": "0.34.5",
        "@img/sharp-linux-arm64": "0.34.5",
        "@img/sharp-linux-ppc64": "0.34.5",
        "@img/sharp-linux-riscv64": "0.34.5",
        "@img/sharp-linux-s390x": "0.34.5",
        "@img/sharp-linux-x64": "0.34.5",
        "@img/sharp-linuxmusl-arm64": "0.34.5",
        "@img/sharp-linuxmusl-x64": "0.34.5",
        "@img/sharp-wasm32": "0.34.5",
        "@img/sharp-win32-arm64": "0.34.5",
        "@img/sharp-win32-ia32": "0.34.5",
        "@img/sharp-win32-x64": "0.34.5"
      }
    },
    "node_modules/sharp/node_modules/semver": {
      "version": "7.7.4",
      "resolved": "https://registry.npmjs.org/semver/-/semver-7.7.4.tgz",
      "integrity": "sha512-vFKC2IEtQnVhpT78h1Yp8wzwrf8CM+MzKMHGJZfBtzhZNycRFnXsHk6E5TxIkkMsgNS7mdX3AGB7x2QM2di4lA==",
      "optional": true,
      "bin": {
        "semver": "bin/semver.js"
      },
      "engines": {
        "node": ">=10"
      }
    },
    "node_modules/source-map-js": {
      "version": "1.0.2",
      "resolved": "https://registry.npmjs.org/source-map-js/-/source-map-js-1.0.2.tgz",
      "integrity": "sha512-R0XvVJ9WusLiqTCEiGCmICCMplcCkIwwR11mOSD9CR5u+IXYdiseeEuXCVAjS54zqwkLcPNnmU4OeJ6tUrWhDw==",
      "engines": {
        "node": ">=0.10.0"
      }
    },
    "node_modules/styled-jsx": {
      "version": "5.1.6",
      "resolved": "https://registry.npmjs.org/styled-jsx/-/styled-jsx-5.1.6.tgz",
      "integrity": "sha512-qSVyDTeMotdvQYoHWLNGwRFJHC+i+ZvdBRYosOFgC+Wg1vx4frN2/RG/NA7SYqqvKNLf39P2LSRA2pu6n0XYZA==",
      "dependencies": {
        "client-only": "0.0.1"
      },
      "engines": {
        "node": ">= 12.0.0"
      },
      "peerDependencies": {
        "react": ">= 16.8.0 || 17.x.x || ^18.0.0-0 || ^19.0.0-0"
      },
      "peerDependenciesMeta": {
        "@babel/core": {
          "optional": true
        },
        "babel-plugin-macros": {
          "optional": true
        }
      }
    },
    "node_modules/tslib": {
      "version": "2.8.1",
      "resolved": "https://registry.npmjs.org/tslib/-/tslib-2.8.1.tgz",
      "integrity": "sha512-oJFu94HQb+KVduSUQL7wnpmqnfmLsOA/nAh6b6EH0wCEoK0/mPeXU6c3wKDV83MkOuHPRHtSXKKU99IBazS/2w=="
    },
    "node_modules/typescript": {
      "version": "5.6.2",
      "resolved": "https://registry.npmjs.org/typescript/-/typescript-5.6.2.tgz",
      "integrity": "sha512-NW8ByodCSNCwZeghjN3o+JX5OFH0Ojg6sadjEKY4huZ52TqbJTJnDo5+Tw98lSy63NZvi4n+ez5m2u5d4PkZyw==",
      "dev": true,
      "bin": {
        "tsc": "bin/tsc",
        "tsserver": "bin/tsserver"
      },
      "engines": {
        "node": ">=14.17"
      }
    },
    "node_modules/undici-types": {
      "version": "7.16.0",
      "resolved": "https://registry.npmjs.org/undici-types/-/undici-types-7.16.0.tgz",
      "integrity": "sha512-Zz+aZWSj8LE6zoxD+xrjh4VfkIG8Ya6LvYkZqtUQGJPZjYl53ypCaUwWqo7eI0x66KBGeRo+mlBEkMSeSZ38Nw==",
      "dev": true,
      "license": "MIT"
    },
    "node_modules/universal-user-agent": {
      "version": "6.0.1",
      "resolved": "https://registry.npmjs.org/universal-user-agent/-/universal-user-agent-6.0.1.tgz",
      "integrity": "sha512-yCzhz6FN2wU1NiiQRogkTQszlQSlpWaw8SvVegAc+bDxbzHgh1vX8uIe8OYyMH6DwH+sdTJsgMl36+mSMdRJIQ=="
    },
    "node_modules/uuid": {
      "version": "8.3.2",
      "resolved": "https://registry.npmjs.org/uuid/-/uuid-8.3.2.tgz",
      "integrity": "sha512-+NYs2QeMWy+GWFOEm9xnn6HCDp0l7QBD7ml8zLUmJ+93Q5NF0NocErnwkTkXVFNiX3/fpC6afS8Dhb/gz7R7eg==",
      "bin": {
        "uuid": "dist/bin/uuid"
      }
    },
    "node_modules/ws": {
      "version": "8.18.0",
      "resolved": "https://registry.npmjs.org/ws/-/ws-8.18.0.tgz",
      "integrity": "sha512-8VbfWfHLbbwu3+N6OKsOMpBdT4kXPDDB9cJk2bJ6mh9ucxdlnNvH1e+roYkKmN9Nxw2yjz7VzeO9oOz2zJ04Pw==",
      "dev": true,
      "engines": {
        "node": ">=10.0.0"
      },
      "peerDependencies": {
        "bufferutil": "^4.0.1",
        "utf-8-validate": ">=5.0.2"
      },
      "peerDependenciesMeta": {
        "bufferutil": {
          "optional": true
        },
        "utf-8-validate": {
          "optional": true
        }
      }
    }
  }
}
